# This file was autogenerated by Stack.
# You should not edit this file by hand.
# For more information, please see the documentation at:
#   https://docs.haskellstack.org/en/stable/lock_files

packages:
- completed:
    hackage: mysql-simple-0.4.8.1@sha256:c611b4656dc48c896b46d727520d7dc566c3c07a85d979c9b1aaf7a22a32ff5d,2783
    pantry-tree:
      sha256: ed45431dffcb0289f46e21171aa7d4309a10ab3a05f30220b3d6a703679e600f
      size: 1056
  original:
    hackage: mysql-simple-0.4.8.1
- completed:
    hackage: split-0.2.3.5@sha256:f472fa7019647cacac3267742a6f7ac0a5c816f9890e80e4b826cd937436de87,2646
    pantry-tree:
      sha256: 516449cf535bbfc78cf1a5795d28dd1e0f19b65a07c33a78b45566101fecc534
      size: 439
  original:
    hackage: split-0.2.3.5
- completed:
    hackage: miso-1.8.3.0@sha256:dc4065271dcb52d94ef357b31622fb5abcb5cbfa32f2fa328816a016ba4b45af,3821
    pantry-tree:
      sha256: 071535142bcd71f2418e81b35f2896abb1a90a4d7f651b408dc043243ffae720
      size: 3130
  original:
    hackage: miso-1.8.3.0
- completed:
    hackage: jsaddle-0.9.8.2@sha256:e8c003801eb9364fcd6b1e0cda34f072a537bcfa767e6eb8c626836dae77ba04,4419
    pantry-tree:
      sha256: 496419613896d8177b37185a912dad72e9033875a03315554d9de52b66d6ccc1
      size: 4329
  original:
    hackage: jsaddle-0.9.8.2
- completed:
    hackage: jsaddle-warp-0.9.8.2@sha256:675dc2a68271daf86848d220c5c562415db1b63e56a6cc6e748e044da5138f0c,2713
    pantry-tree:
      sha256: c9121332e47ea5d2b1db1d877711f56a1500357f5bfb73a3b1280ce44e5230aa
      size: 475
  original:
    hackage: jsaddle-warp-0.9.8.2
- completed:
    hackage: containers-0.6.4.1@sha256:e9ca297369c207ff40ed561877c15928292b957a01c8551a7cbd50d665a03429,2520
    pantry-tree:
      sha256: cd4689c9caa5b9774b3ec4603c3b2c06eb04b184db590afa6d107441e25cc634
      size: 2823
  original:
    hackage: containers-0.6.4.1
- completed:
    hackage: aeson-2.0.3.0@sha256:510c59bece9c6b3d9e999674b869c765cdc3df9f9f90b6871df3e62f87b12fff,5867
    pantry-tree:
      sha256: bc95efc07f7d7837f3ab689d7af1d0dd4649296f2b54d0ab4e4d25d0cfb50d32
      size: 38191
  original:
    hackage: aeson-2.0.3.0
- completed:
    hackage: array-0.5.4.0@sha256:4ab91ef6388db19e62fea4ed7bf3bb39bae5c3e3d2ac73a7feb278d05c35db78,1660
    pantry-tree:
      sha256: 25fb3fcc19c38f11e8d94ce9f6305bba0227c78915458d684ff471321f63294a
      size: 1135
  original:
    hackage: array-0.5.4.0
- completed:
    hackage: random-1.2.1.1@sha256:dea1f11e5569332dc6c8efaad1cb301016a5587b6754943a49f9de08ae0e56d9,6541
    pantry-tree:
      sha256: 646ee77fe01178837ee928b61ae8653dcf190e9b5353ebebd094079c77a18b76
      size: 1528
  original:
    hackage: random-1.2.1.1
snapshots:
- completed:
    sha256: 7f4393ad659c579944d12202cffb12d8e4b8114566b015f77bbc303a24cff934
    size: 619405
    url: https://raw.githubusercontent.com/commercialhaskell/stackage-snapshots/master/lts/19/28.yaml
  original: lts-19.28
